
Microsoft Visual Studio Solution File, Format Version 12.00
# Visual Studio Version 17
VisualStudioVersion = 17.12.35527.113
MinimumVisualStudioVersion = 10.0.40219.1
Project("{FAE04EC0-301F-11D3-BF4B-00C04F79EFBC}") = "Pharmacist_BUS", "Pharmacist_BUS\Pharmacist_BUS.csproj", "{3B1DDBA0-F35F-4BE8-AD66-CA1D8785E1EA}"
EndProject
Project("{FAE04EC0-301F-11D3-BF4B-00C04F79EFBC}") = "Pharmacist_GUI", "Pharmacist_GUI\Pharmacist_GUI.csproj", "{DBF3E577-EA3F-44FA-86CE-6A79C1E2BC15}"
EndProject
Project("{FAE04EC0-301F-11D3-BF4B-00C04F79EFBC}") = "Login_GUI", "Login_GUI\Login_GUI.csproj", "{4170C888-DCEA-4989-A67F-184B4C73BE56}"
EndProject
Project("{FAE04EC0-301F-11D3-BF4B-00C04F79EFBC}") = "Login_BUS", "Login_BUS\Login_BUS.csproj", "{FA62A6CF-1300-4907-9CF4-4E25E90DF8C1}"
EndProject
Project("{FAE04EC0-301F-11D3-BF4B-00C04F79EFBC}") = "HashingPassword", "HashingPassword\HashingPassword.csproj", "{4F7FDF80-5140-4EA0-BBBC-5DE640A75DA2}"
EndProject
Project("{FAE04EC0-301F-11D3-BF4B-00C04F79EFBC}") = "Manager_GUI", "Manager_GUI\Manager_GUI.csproj", "{B9D2E12E-6C08-42F9-80F4-C1D299519F78}"
EndProject
Project("{FAE04EC0-301F-11D3-BF4B-00C04F79EFBC}") = "PharmacistManagement_DAL", "PharmacistManagement_DAL\PharmacistManagement_DAL.csproj", "{043E02AA-2B3A-4FC0-9305-3C49553AD3D8}"
EndProject
Project("{FAE04EC0-301F-11D3-BF4B-00C04F79EFBC}") = "Manager_BUS", "Manager_BUS\Manager_BUS.csproj", "{B8EBFE09-6BFC-4604-91BC-FED7805B66FB}"
EndProject
Project("{C7167F0D-BC9F-4E6E-AFE1-012C56B48DB5}") = "Pharmacy Management", "Package\Pharmacy Management.wapproj", "{DE5BFD53-EB5E-41E8-AF55-109B5D4872F3}"
EndProject
Global
	GlobalSection(SolutionConfigurationPlatforms) = preSolution
		Debug|Any CPU = Debug|Any CPU
		Debug|ARM = Debug|ARM
		Debug|ARM64 = Debug|ARM64
		Debug|x64 = Debug|x64
		Debug|x86 = Debug|x86
		Release|Any CPU = Release|Any CPU
		Release|ARM = Release|ARM
		Release|ARM64 = Release|ARM64
		Release|x64 = Release|x64
		Release|x86 = Release|x86
	EndGlobalSection
	GlobalSection(ProjectConfigurationPlatforms) = postSolution
		{3B1DDBA0-F35F-4BE8-AD66-CA1D8785E1EA}.Debug|Any CPU.ActiveCfg = Debug|Any CPU
		{3B1DDBA0-F35F-4BE8-AD66-CA1D8785E1EA}.Debug|Any CPU.Build.0 = Debug|Any CPU
		{3B1DDBA0-F35F-4BE8-AD66-CA1D8785E1EA}.Debug|ARM.ActiveCfg = Debug|Any CPU
		{3B1DDBA0-F35F-4BE8-AD66-CA1D8785E1EA}.Debug|ARM.Build.0 = Debug|Any CPU
		{3B1DDBA0-F35F-4BE8-AD66-CA1D8785E1EA}.Debug|ARM64.ActiveCfg = Debug|Any CPU
		{3B1DDBA0-F35F-4BE8-AD66-CA1D8785E1EA}.Debug|ARM64.Build.0 = Debug|Any CPU
		{3B1DDBA0-F35F-4BE8-AD66-CA1D8785E1EA}.Debug|x64.ActiveCfg = Debug|Any CPU
		{3B1DDBA0-F35F-4BE8-AD66-CA1D8785E1EA}.Debug|x64.Build.0 = Debug|Any CPU
		{3B1DDBA0-F35F-4BE8-AD66-CA1D8785E1EA}.Debug|x86.ActiveCfg = Debug|Any CPU
		{3B1DDBA0-F35F-4BE8-AD66-CA1D8785E1EA}.Debug|x86.Build.0 = Debug|Any CPU
		{3B1DDBA0-F35F-4BE8-AD66-CA1D8785E1EA}.Release|Any CPU.ActiveCfg = Release|Any CPU
		{3B1DDBA0-F35F-4BE8-AD66-CA1D8785E1EA}.Release|Any CPU.Build.0 = Release|Any CPU
		{3B1DDBA0-F35F-4BE8-AD66-CA1D8785E1EA}.Release|ARM.ActiveCfg = Release|Any CPU
		{3B1DDBA0-F35F-4BE8-AD66-CA1D8785E1EA}.Release|ARM.Build.0 = Release|Any CPU
		{3B1DDBA0-F35F-4BE8-AD66-CA1D8785E1EA}.Release|ARM64.ActiveCfg = Release|Any CPU
		{3B1DDBA0-F35F-4BE8-AD66-CA1D8785E1EA}.Release|ARM64.Build.0 = Release|Any CPU
		{3B1DDBA0-F35F-4BE8-AD66-CA1D8785E1EA}.Release|x64.ActiveCfg = Release|Any CPU
		{3B1DDBA0-F35F-4BE8-AD66-CA1D8785E1EA}.Release|x64.Build.0 = Release|Any CPU
		{3B1DDBA0-F35F-4BE8-AD66-CA1D8785E1EA}.Release|x86.ActiveCfg = Release|Any CPU
		{3B1DDBA0-F35F-4BE8-AD66-CA1D8785E1EA}.Release|x86.Build.0 = Release|Any CPU
		{DBF3E577-EA3F-44FA-86CE-6A79C1E2BC15}.Debug|Any CPU.ActiveCfg = Debug|Any CPU
		{DBF3E577-EA3F-44FA-86CE-6A79C1E2BC15}.Debug|Any CPU.Build.0 = Debug|Any CPU
		{DBF3E577-EA3F-44FA-86CE-6A79C1E2BC15}.Debug|ARM.ActiveCfg = Debug|Any CPU
		{DBF3E577-EA3F-44FA-86CE-6A79C1E2BC15}.Debug|ARM.Build.0 = Debug|Any CPU
		{DBF3E577-EA3F-44FA-86CE-6A79C1E2BC15}.Debug|ARM64.ActiveCfg = Debug|Any CPU
		{DBF3E577-EA3F-44FA-86CE-6A79C1E2BC15}.Debug|ARM64.Build.0 = Debug|Any CPU
		{DBF3E577-EA3F-44FA-86CE-6A79C1E2BC15}.Debug|x64.ActiveCfg = Debug|Any CPU
		{DBF3E577-EA3F-44FA-86CE-6A79C1E2BC15}.Debug|x64.Build.0 = Debug|Any CPU
		{DBF3E577-EA3F-44FA-86CE-6A79C1E2BC15}.Debug|x86.ActiveCfg = Debug|Any CPU
		{DBF3E577-EA3F-44FA-86CE-6A79C1E2BC15}.Debug|x86.Build.0 = Debug|Any CPU
		{DBF3E577-EA3F-44FA-86CE-6A79C1E2BC15}.Release|Any CPU.ActiveCfg = Release|Any CPU
		{DBF3E577-EA3F-44FA-86CE-6A79C1E2BC15}.Release|Any CPU.Build.0 = Release|Any CPU
		{DBF3E577-EA3F-44FA-86CE-6A79C1E2BC15}.Release|ARM.ActiveCfg = Release|Any CPU
		{DBF3E577-EA3F-44FA-86CE-6A79C1E2BC15}.Release|ARM.Build.0 = Release|Any CPU
		{DBF3E577-EA3F-44FA-86CE-6A79C1E2BC15}.Release|ARM64.ActiveCfg = Release|Any CPU
		{DBF3E577-EA3F-44FA-86CE-6A79C1E2BC15}.Release|ARM64.Build.0 = Release|Any CPU
		{DBF3E577-EA3F-44FA-86CE-6A79C1E2BC15}.Release|x64.ActiveCfg = Release|Any CPU
		{DBF3E577-EA3F-44FA-86CE-6A79C1E2BC15}.Release|x64.Build.0 = Release|Any CPU
		{DBF3E577-EA3F-44FA-86CE-6A79C1E2BC15}.Release|x86.ActiveCfg = Release|Any CPU
		{DBF3E577-EA3F-44FA-86CE-6A79C1E2BC15}.Release|x86.Build.0 = Release|Any CPU
		{4170C888-DCEA-4989-A67F-184B4C73BE56}.Debug|Any CPU.ActiveCfg = Debug|Any CPU
		{4170C888-DCEA-4989-A67F-184B4C73BE56}.Debug|Any CPU.Build.0 = Debug|Any CPU
		{4170C888-DCEA-4989-A67F-184B4C73BE56}.Debug|ARM.ActiveCfg = Debug|Any CPU
		{4170C888-DCEA-4989-A67F-184B4C73BE56}.Debug|ARM.Build.0 = Debug|Any CPU
		{4170C888-DCEA-4989-A67F-184B4C73BE56}.Debug|ARM64.ActiveCfg = Debug|Any CPU
		{4170C888-DCEA-4989-A67F-184B4C73BE56}.Debug|ARM64.Build.0 = Debug|Any CPU
		{4170C888-DCEA-4989-A67F-184B4C73BE56}.Debug|x64.ActiveCfg = Debug|Any CPU
		{4170C888-DCEA-4989-A67F-184B4C73BE56}.Debug|x64.Build.0 = Debug|Any CPU
		{4170C888-DCEA-4989-A67F-184B4C73BE56}.Debug|x86.ActiveCfg = Debug|Any CPU
		{4170C888-DCEA-4989-A67F-184B4C73BE56}.Debug|x86.Build.0 = Debug|Any CPU
		{4170C888-DCEA-4989-A67F-184B4C73BE56}.Release|Any CPU.ActiveCfg = Release|Any CPU
		{4170C888-DCEA-4989-A67F-184B4C73BE56}.Release|Any CPU.Build.0 = Release|Any CPU
		{4170C888-DCEA-4989-A67F-184B4C73BE56}.Release|ARM.ActiveCfg = Release|Any CPU
		{4170C888-DCEA-4989-A67F-184B4C73BE56}.Release|ARM.Build.0 = Release|Any CPU
		{4170C888-DCEA-4989-A67F-184B4C73BE56}.Release|ARM64.ActiveCfg = Release|Any CPU
		{4170C888-DCEA-4989-A67F-184B4C73BE56}.Release|ARM64.Build.0 = Release|Any CPU
		{4170C888-DCEA-4989-A67F-184B4C73BE56}.Release|x64.ActiveCfg = Release|Any CPU
		{4170C888-DCEA-4989-A67F-184B4C73BE56}.Release|x64.Build.0 = Release|Any CPU
		{4170C888-DCEA-4989-A67F-184B4C73BE56}.Release|x86.ActiveCfg = Release|Any CPU
		{4170C888-DCEA-4989-A67F-184B4C73BE56}.Release|x86.Build.0 = Release|Any CPU
		{FA62A6CF-1300-4907-9CF4-4E25E90DF8C1}.Debug|Any CPU.ActiveCfg = Debug|Any CPU
		{FA62A6CF-1300-4907-9CF4-4E25E90DF8C1}.Debug|Any CPU.Build.0 = Debug|Any CPU
		{FA62A6CF-1300-4907-9CF4-4E25E90DF8C1}.Debug|ARM.ActiveCfg = Debug|Any CPU
		{FA62A6CF-1300-4907-9CF4-4E25E90DF8C1}.Debug|ARM.Build.0 = Debug|Any CPU
		{FA62A6CF-1300-4907-9CF4-4E25E90DF8C1}.Debug|ARM64.ActiveCfg = Debug|Any CPU
		{FA62A6CF-1300-4907-9CF4-4E25E90DF8C1}.Debug|ARM64.Build.0 = Debug|Any CPU
		{FA62A6CF-1300-4907-9CF4-4E25E90DF8C1}.Debug|x64.ActiveCfg = Debug|Any CPU
		{FA62A6CF-1300-4907-9CF4-4E25E90DF8C1}.Debug|x64.Build.0 = Debug|Any CPU
		{FA62A6CF-1300-4907-9CF4-4E25E90DF8C1}.Debug|x86.ActiveCfg = Debug|Any CPU
		{FA62A6CF-1300-4907-9CF4-4E25E90DF8C1}.Debug|x86.Build.0 = Debug|Any CPU
		{FA62A6CF-1300-4907-9CF4-4E25E90DF8C1}.Release|Any CPU.ActiveCfg = Release|Any CPU
		{FA62A6CF-1300-4907-9CF4-4E25E90DF8C1}.Release|Any CPU.Build.0 = Release|Any CPU
		{FA62A6CF-1300-4907-9CF4-4E25E90DF8C1}.Release|ARM.ActiveCfg = Release|Any CPU
		{FA62A6CF-1300-4907-9CF4-4E25E90DF8C1}.Release|ARM.Build.0 = Release|Any CPU
		{FA62A6CF-1300-4907-9CF4-4E25E90DF8C1}.Release|ARM64.ActiveCfg = Release|Any CPU
		{FA62A6CF-1300-4907-9CF4-4E25E90DF8C1}.Release|ARM64.Build.0 = Release|Any CPU
		{FA62A6CF-1300-4907-9CF4-4E25E90DF8C1}.Release|x64.ActiveCfg = Release|Any CPU
		{FA62A6CF-1300-4907-9CF4-4E25E90DF8C1}.Release|x64.Build.0 = Release|Any CPU
		{FA62A6CF-1300-4907-9CF4-4E25E90DF8C1}.Release|x86.ActiveCfg = Release|Any CPU
		{FA62A6CF-1300-4907-9CF4-4E25E90DF8C1}.Release|x86.Build.0 = Release|Any CPU
		{4F7FDF80-5140-4EA0-BBBC-5DE640A75DA2}.Debug|Any CPU.ActiveCfg = Debug|Any CPU
		{4F7FDF80-5140-4EA0-BBBC-5DE640A75DA2}.Debug|Any CPU.Build.0 = Debug|Any CPU
		{4F7FDF80-5140-4EA0-BBBC-5DE640A75DA2}.Debug|ARM.ActiveCfg = Debug|Any CPU
		{4F7FDF80-5140-4EA0-BBBC-5DE640A75DA2}.Debug|ARM.Build.0 = Debug|Any CPU
		{4F7FDF80-5140-4EA0-BBBC-5DE640A75DA2}.Debug|ARM64.ActiveCfg = Debug|Any CPU
		{4F7FDF80-5140-4EA0-BBBC-5DE640A75DA2}.Debug|ARM64.Build.0 = Debug|Any CPU
		{4F7FDF80-5140-4EA0-BBBC-5DE640A75DA2}.Debug|x64.ActiveCfg = Debug|Any CPU
		{4F7FDF80-5140-4EA0-BBBC-5DE640A75DA2}.Debug|x64.Build.0 = Debug|Any CPU
		{4F7FDF80-5140-4EA0-BBBC-5DE640A75DA2}.Debug|x86.ActiveCfg = Debug|Any CPU
		{4F7FDF80-5140-4EA0-BBBC-5DE640A75DA2}.Debug|x86.Build.0 = Debug|Any CPU
		{4F7FDF80-5140-4EA0-BBBC-5DE640A75DA2}.Release|Any CPU.ActiveCfg = Release|Any CPU
		{4F7FDF80-5140-4EA0-BBBC-5DE640A75DA2}.Release|Any CPU.Build.0 = Release|Any CPU
		{4F7FDF80-5140-4EA0-BBBC-5DE640A75DA2}.Release|ARM.ActiveCfg = Release|Any CPU
		{4F7FDF80-5140-4EA0-BBBC-5DE640A75DA2}.Release|ARM.Build.0 = Release|Any CPU
		{4F7FDF80-5140-4EA0-BBBC-5DE640A75DA2}.Release|ARM64.ActiveCfg = Release|Any CPU
		{4F7FDF80-5140-4EA0-BBBC-5DE640A75DA2}.Release|ARM64.Build.0 = Release|Any CPU
		{4F7FDF80-5140-4EA0-BBBC-5DE640A75DA2}.Release|x64.ActiveCfg = Release|Any CPU
		{4F7FDF80-5140-4EA0-BBBC-5DE640A75DA2}.Release|x64.Build.0 = Release|Any CPU
		{4F7FDF80-5140-4EA0-BBBC-5DE640A75DA2}.Release|x86.ActiveCfg = Release|Any CPU
		{4F7FDF80-5140-4EA0-BBBC-5DE640A75DA2}.Release|x86.Build.0 = Release|Any CPU
		{B9D2E12E-6C08-42F9-80F4-C1D299519F78}.Debug|Any CPU.ActiveCfg = Debug|Any CPU
		{B9D2E12E-6C08-42F9-80F4-C1D299519F78}.Debug|Any CPU.Build.0 = Debug|Any CPU
		{B9D2E12E-6C08-42F9-80F4-C1D299519F78}.Debug|ARM.ActiveCfg = Debug|Any CPU
		{B9D2E12E-6C08-42F9-80F4-C1D299519F78}.Debug|ARM.Build.0 = Debug|Any CPU
		{B9D2E12E-6C08-42F9-80F4-C1D299519F78}.Debug|ARM64.ActiveCfg = Debug|Any CPU
		{B9D2E12E-6C08-42F9-80F4-C1D299519F78}.Debug|ARM64.Build.0 = Debug|Any CPU
		{B9D2E12E-6C08-42F9-80F4-C1D299519F78}.Debug|x64.ActiveCfg = Debug|Any CPU
		{B9D2E12E-6C08-42F9-80F4-C1D299519F78}.Debug|x64.Build.0 = Debug|Any CPU
		{B9D2E12E-6C08-42F9-80F4-C1D299519F78}.Debug|x86.ActiveCfg = Debug|Any CPU
		{B9D2E12E-6C08-42F9-80F4-C1D299519F78}.Debug|x86.Build.0 = Debug|Any CPU
		{B9D2E12E-6C08-42F9-80F4-C1D299519F78}.Release|Any CPU.ActiveCfg = Release|Any CPU
		{B9D2E12E-6C08-42F9-80F4-C1D299519F78}.Release|Any CPU.Build.0 = Release|Any CPU
		{B9D2E12E-6C08-42F9-80F4-C1D299519F78}.Release|ARM.ActiveCfg = Release|Any CPU
		{B9D2E12E-6C08-42F9-80F4-C1D299519F78}.Release|ARM.Build.0 = Release|Any CPU
		{B9D2E12E-6C08-42F9-80F4-C1D299519F78}.Release|ARM64.ActiveCfg = Release|Any CPU
		{B9D2E12E-6C08-42F9-80F4-C1D299519F78}.Release|ARM64.Build.0 = Release|Any CPU
		{B9D2E12E-6C08-42F9-80F4-C1D299519F78}.Release|x64.ActiveCfg = Release|Any CPU
		{B9D2E12E-6C08-42F9-80F4-C1D299519F78}.Release|x64.Build.0 = Release|Any CPU
		{B9D2E12E-6C08-42F9-80F4-C1D299519F78}.Release|x86.ActiveCfg = Release|Any CPU
		{B9D2E12E-6C08-42F9-80F4-C1D299519F78}.Release|x86.Build.0 = Release|Any CPU
		{043E02AA-2B3A-4FC0-9305-3C49553AD3D8}.Debug|Any CPU.ActiveCfg = Debug|Any CPU
		{043E02AA-2B3A-4FC0-9305-3C49553AD3D8}.Debug|Any CPU.Build.0 = Debug|Any CPU
		{043E02AA-2B3A-4FC0-9305-3C49553AD3D8}.Debug|ARM.ActiveCfg = Debug|Any CPU
		{043E02AA-2B3A-4FC0-9305-3C49553AD3D8}.Debug|ARM.Build.0 = Debug|Any CPU
		{043E02AA-2B3A-4FC0-9305-3C49553AD3D8}.Debug|ARM64.ActiveCfg = Debug|Any CPU
		{043E02AA-2B3A-4FC0-9305-3C49553AD3D8}.Debug|ARM64.Build.0 = Debug|Any CPU
		{043E02AA-2B3A-4FC0-9305-3C49553AD3D8}.Debug|x64.ActiveCfg = Debug|Any CPU
		{043E02AA-2B3A-4FC0-9305-3C49553AD3D8}.Debug|x64.Build.0 = Debug|Any CPU
		{043E02AA-2B3A-4FC0-9305-3C49553AD3D8}.Debug|x86.ActiveCfg = Debug|Any CPU
		{043E02AA-2B3A-4FC0-9305-3C49553AD3D8}.Debug|x86.Build.0 = Debug|Any CPU
		{043E02AA-2B3A-4FC0-9305-3C49553AD3D8}.Release|Any CPU.ActiveCfg = Release|Any CPU
		{043E02AA-2B3A-4FC0-9305-3C49553AD3D8}.Release|Any CPU.Build.0 = Release|Any CPU
		{043E02AA-2B3A-4FC0-9305-3C49553AD3D8}.Release|ARM.ActiveCfg = Release|Any CPU
		{043E02AA-2B3A-4FC0-9305-3C49553AD3D8}.Release|ARM.Build.0 = Release|Any CPU
		{043E02AA-2B3A-4FC0-9305-3C49553AD3D8}.Release|ARM64.ActiveCfg = Release|Any CPU
		{043E02AA-2B3A-4FC0-9305-3C49553AD3D8}.Release|ARM64.Build.0 = Release|Any CPU
		{043E02AA-2B3A-4FC0-9305-3C49553AD3D8}.Release|x64.ActiveCfg = Release|Any CPU
		{043E02AA-2B3A-4FC0-9305-3C49553AD3D8}.Release|x64.Build.0 = Release|Any CPU
		{043E02AA-2B3A-4FC0-9305-3C49553AD3D8}.Release|x86.ActiveCfg = Release|Any CPU
		{043E02AA-2B3A-4FC0-9305-3C49553AD3D8}.Release|x86.Build.0 = Release|Any CPU
		{B8EBFE09-6BFC-4604-91BC-FED7805B66FB}.Debug|Any CPU.ActiveCfg = Debug|Any CPU
		{B8EBFE09-6BFC-4604-91BC-FED7805B66FB}.Debug|Any CPU.Build.0 = Debug|Any CPU
		{B8EBFE09-6BFC-4604-91BC-FED7805B66FB}.Debug|ARM.ActiveCfg = Debug|Any CPU
		{B8EBFE09-6BFC-4604-91BC-FED7805B66FB}.Debug|ARM.Build.0 = Debug|Any CPU
		{B8EBFE09-6BFC-4604-91BC-FED7805B66FB}.Debug|ARM64.ActiveCfg = Debug|Any CPU
		{B8EBFE09-6BFC-4604-91BC-FED7805B66FB}.Debug|ARM64.Build.0 = Debug|Any CPU
		{B8EBFE09-6BFC-4604-91BC-FED7805B66FB}.Debug|x64.ActiveCfg = Debug|Any CPU
		{B8EBFE09-6BFC-4604-91BC-FED7805B66FB}.Debug|x64.Build.0 = Debug|Any CPU
		{B8EBFE09-6BFC-4604-91BC-FED7805B66FB}.Debug|x86.ActiveCfg = Debug|Any CPU
		{B8EBFE09-6BFC-4604-91BC-FED7805B66FB}.Debug|x86.Build.0 = Debug|Any CPU
		{B8EBFE09-6BFC-4604-91BC-FED7805B66FB}.Release|Any CPU.ActiveCfg = Release|Any CPU
		{B8EBFE09-6BFC-4604-91BC-FED7805B66FB}.Release|Any CPU.Build.0 = Release|Any CPU
		{B8EBFE09-6BFC-4604-91BC-FED7805B66FB}.Release|ARM.ActiveCfg = Release|Any CPU
		{B8EBFE09-6BFC-4604-91BC-FED7805B66FB}.Release|ARM.Build.0 = Release|Any CPU
		{B8EBFE09-6BFC-4604-91BC-FED7805B66FB}.Release|ARM64.ActiveCfg = Release|Any CPU
		{B8EBFE09-6BFC-4604-91BC-FED7805B66FB}.Release|ARM64.Build.0 = Release|Any CPU
		{B8EBFE09-6BFC-4604-91BC-FED7805B66FB}.Release|x64.ActiveCfg = Release|Any CPU
		{B8EBFE09-6BFC-4604-91BC-FED7805B66FB}.Release|x64.Build.0 = Release|Any CPU
		{B8EBFE09-6BFC-4604-91BC-FED7805B66FB}.Release|x86.ActiveCfg = Release|Any CPU
		{B8EBFE09-6BFC-4604-91BC-FED7805B66FB}.Release|x86.Build.0 = Release|Any CPU
		{DE5BFD53-EB5E-41E8-AF55-109B5D4872F3}.Debug|Any CPU.ActiveCfg = Debug|Any CPU
		{DE5BFD53-EB5E-41E8-AF55-109B5D4872F3}.Debug|Any CPU.Build.0 = Debug|Any CPU
		{DE5BFD53-EB5E-41E8-AF55-109B5D4872F3}.Debug|Any CPU.Deploy.0 = Debug|Any CPU
		{DE5BFD53-EB5E-41E8-AF55-109B5D4872F3}.Debug|ARM.ActiveCfg = Debug|ARM
		{DE5BFD53-EB5E-41E8-AF55-109B5D4872F3}.Debug|ARM.Build.0 = Debug|ARM
		{DE5BFD53-EB5E-41E8-AF55-109B5D4872F3}.Debug|ARM.Deploy.0 = Debug|ARM
		{DE5BFD53-EB5E-41E8-AF55-109B5D4872F3}.Debug|ARM64.ActiveCfg = Debug|ARM64
		{DE5BFD53-EB5E-41E8-AF55-109B5D4872F3}.Debug|ARM64.Build.0 = Debug|ARM64
		{DE5BFD53-EB5E-41E8-AF55-109B5D4872F3}.Debug|ARM64.Deploy.0 = Debug|ARM64
		{DE5BFD53-EB5E-41E8-AF55-109B5D4872F3}.Debug|x64.ActiveCfg = Debug|x64
		{DE5BFD53-EB5E-41E8-AF55-109B5D4872F3}.Debug|x64.Build.0 = Debug|x64
		{DE5BFD53-EB5E-41E8-AF55-109B5D4872F3}.Debug|x64.Deploy.0 = Debug|x64
		{DE5BFD53-EB5E-41E8-AF55-109B5D4872F3}.Debug|x86.ActiveCfg = Debug|x86
		{DE5BFD53-EB5E-41E8-AF55-109B5D4872F3}.Debug|x86.Build.0 = Debug|x86
		{DE5BFD53-EB5E-41E8-AF55-109B5D4872F3}.Debug|x86.Deploy.0 = Debug|x86
		{DE5BFD53-EB5E-41E8-AF55-109B5D4872F3}.Release|Any CPU.ActiveCfg = Release|Any CPU
		{DE5BFD53-EB5E-41E8-AF55-109B5D4872F3}.Release|Any CPU.Build.0 = Release|Any CPU
		{DE5BFD53-EB5E-41E8-AF55-109B5D4872F3}.Release|Any CPU.Deploy.0 = Release|Any CPU
		{DE5BFD53-EB5E-41E8-AF55-109B5D4872F3}.Release|ARM.ActiveCfg = Release|ARM
		{DE5BFD53-EB5E-41E8-AF55-109B5D4872F3}.Release|ARM.Build.0 = Release|ARM
		{DE5BFD53-EB5E-41E8-AF55-109B5D4872F3}.Release|ARM.Deploy.0 = Release|ARM
		{DE5BFD53-EB5E-41E8-AF55-109B5D4872F3}.Release|ARM64.ActiveCfg = Release|ARM64
		{DE5BFD53-EB5E-41E8-AF55-109B5D4872F3}.Release|ARM64.Build.0 = Release|ARM64
		{DE5BFD53-EB5E-41E8-AF55-109B5D4872F3}.Release|ARM64.Deploy.0 = Release|ARM64
		{DE5BFD53-EB5E-41E8-AF55-109B5D4872F3}.Release|x64.ActiveCfg = Release|x64
		{DE5BFD53-EB5E-41E8-AF55-109B5D4872F3}.Release|x64.Build.0 = Release|x64
		{DE5BFD53-EB5E-41E8-AF55-109B5D4872F3}.Release|x64.Deploy.0 = Release|x64
		{DE5BFD53-EB5E-41E8-AF55-109B5D4872F3}.Release|x86.ActiveCfg = Release|x86
		{DE5BFD53-EB5E-41E8-AF55-109B5D4872F3}.Release|x86.Build.0 = Release|x86
		{DE5BFD53-EB5E-41E8-AF55-109B5D4872F3}.Release|x86.Deploy.0 = Release|x86
	EndGlobalSection
	GlobalSection(SolutionProperties) = preSolution
		HideSolutionNode = FALSE
	EndGlobalSection
EndGlobal
