
Microsoft Visual Studio Solution File, Format Version 12.00
# Visual Studio Version 17
VisualStudioVersion = 17.5.002.0
MinimumVisualStudioVersion = 10.0.40219.1
Project("{9A19103F-16F7-4668-BE54-9A1E7A4F7556}") = "DashboardUI", "DashboardUI.csproj", "{5D9785C5-0E8B-4CD8-A400-CA8285746983}"
EndProject
Global
	GlobalSection(SolutionConfigurationPlatforms) = preSolution
		Debug|Any CPU = Debug|Any CPU
		Release|Any CPU = Release|Any CPU
	EndGlobalSection
	GlobalSection(ProjectConfigurationPlatforms) = postSolution
		{5D9785C5-0E8B-4CD8-A400-CA8285746983}.Debug|Any CPU.ActiveCfg = Debug|Any CPU
		{5D9785C5-0E8B-4CD8-A400-CA8285746983}.Debug|Any CPU.Build.0 = Debug|Any CPU
		{5D9785C5-0E8B-4CD8-A400-CA8285746983}.Release|Any CPU.ActiveCfg = Release|Any CPU
		{5D9785C5-0E8B-4CD8-A400-CA8285746983}.Release|Any CPU.Build.0 = Release|Any CPU
	EndGlobalSection
	GlobalSection(SolutionProperties) = preSolution
		HideSolutionNode = FALSE
	EndGlobalSection
	GlobalSection(ExtensibilityGlobals) = postSolution
		SolutionGuid = {CA6A3A40-FD71-4E61-B3E3-CB26A7F541BA}
	EndGlobalSection
EndGlobal
